
Microsoft Visual Studio Solution File, Format Version 12.00
# Visual Studio Version 17
VisualStudioVersion = 17.8.34316.72
MinimumVisualStudioVersion = 10.0.40219.1
Project("{FAE04EC0-301F-11D3-BF4B-00C04F79EFBC}") = "Test_7", "Test_7\Test_7.csproj", "{55E8F76D-B8B1-4D19-877E-D0BF844E5D85}"
EndProject
Global
	GlobalSection(SolutionConfigurationPlatforms) = preSolution
		Debug|Any CPU = Debug|Any CPU
		Release|Any CPU = Release|Any CPU
	EndGlobalSection
	GlobalSection(ProjectConfigurationPlatforms) = postSolution
		{55E8F76D-B8B1-4D19-877E-D0BF844E5D85}.Debug|Any CPU.ActiveCfg = Debug|Any CPU
		{55E8F76D-B8B1-4D19-877E-D0BF844E5D85}.Debug|Any CPU.Build.0 = Debug|Any CPU
		{55E8F76D-B8B1-4D19-877E-D0BF844E5D85}.Release|Any CPU.ActiveCfg = Release|Any CPU
		{55E8F76D-B8B1-4D19-877E-D0BF844E5D85}.Release|Any CPU.Build.0 = Release|Any CPU
	EndGlobalSection
	GlobalSection(SolutionProperties) = preSolution
		HideSolutionNode = FALSE
	EndGlobalSection
	GlobalSection(ExtensibilityGlobals) = postSolution
		SolutionGuid = {25D50E6F-27B8-403E-8986-27526A1247B8}
	EndGlobalSection
EndGlobal
