
Microsoft Visual Studio Solution File, Format Version 12.00
# Visual Studio Version 17
VisualStudioVersion = 17.8.34316.72
MinimumVisualStudioVersion = 10.0.40219.1
Project("{FAE04EC0-301F-11D3-BF4B-00C04F79EFBC}") = "Test_4", "Test_4\Test_4.csproj", "{0F64F1BE-9966-4EAE-9134-DA9DF235B888}"
EndProject
Global
	GlobalSection(SolutionConfigurationPlatforms) = preSolution
		Debug|Any CPU = Debug|Any CPU
		Release|Any CPU = Release|Any CPU
	EndGlobalSection
	GlobalSection(ProjectConfigurationPlatforms) = postSolution
		{0F64F1BE-9966-4EAE-9134-DA9DF235B888}.Debug|Any CPU.ActiveCfg = Debug|Any CPU
		{0F64F1BE-9966-4EAE-9134-DA9DF235B888}.Debug|Any CPU.Build.0 = Debug|Any CPU
		{0F64F1BE-9966-4EAE-9134-DA9DF235B888}.Release|Any CPU.ActiveCfg = Release|Any CPU
		{0F64F1BE-9966-4EAE-9134-DA9DF235B888}.Release|Any CPU.Build.0 = Release|Any CPU
	EndGlobalSection
	GlobalSection(SolutionProperties) = preSolution
		HideSolutionNode = FALSE
	EndGlobalSection
	GlobalSection(ExtensibilityGlobals) = postSolution
		SolutionGuid = {D09F0387-047A-4C61-A135-8872003C523C}
	EndGlobalSection
EndGlobal
